
Microsoft Visual Studio Solution File, Format Version 12.00
# Visual Studio Version 17
VisualStudioVersion = 17.4.33213.308
MinimumVisualStudioVersion = 10.0.40219.1
Project("{FAE04EC0-301F-11D3-BF4B-00C04F79EFBC}") = "Exe", "Exe\Exe.csproj", "{C0F7DDF8-FE58-4062-AA66-CB60F0DA70E6}"
EndProject
Project("{FAE04EC0-301F-11D3-BF4B-00C04F79EFBC}") = "eluCloud.Client", "eluCloud.Client\eluCloud.Client.csproj", "{625FE2E5-4E72-43F6-81B5-9CF4D62B2584}"
EndProject
Global
	GlobalSection(SolutionConfigurationPlatforms) = preSolution
		Debug|Any CPU = Debug|Any CPU
		Release|Any CPU = Release|Any CPU
	EndGlobalSection
	GlobalSection(ProjectConfigurationPlatforms) = postSolution
		{C0F7DDF8-FE58-4062-AA66-CB60F0DA70E6}.Debug|Any CPU.ActiveCfg = Debug|Any CPU
		{C0F7DDF8-FE58-4062-AA66-CB60F0DA70E6}.Debug|Any CPU.Build.0 = Debug|Any CPU
		{C0F7DDF8-FE58-4062-AA66-CB60F0DA70E6}.Release|Any CPU.ActiveCfg = Release|Any CPU
		{C0F7DDF8-FE58-4062-AA66-CB60F0DA70E6}.Release|Any CPU.Build.0 = Release|Any CPU
		{625FE2E5-4E72-43F6-81B5-9CF4D62B2584}.Debug|Any CPU.ActiveCfg = Debug|Any CPU
		{625FE2E5-4E72-43F6-81B5-9CF4D62B2584}.Debug|Any CPU.Build.0 = Debug|Any CPU
		{625FE2E5-4E72-43F6-81B5-9CF4D62B2584}.Release|Any CPU.ActiveCfg = Release|Any CPU
		{625FE2E5-4E72-43F6-81B5-9CF4D62B2584}.Release|Any CPU.Build.0 = Release|Any CPU
	EndGlobalSection
	GlobalSection(SolutionProperties) = preSolution
		HideSolutionNode = FALSE
	EndGlobalSection
	GlobalSection(ExtensibilityGlobals) = postSolution
		SolutionGuid = {577476D9-AFC3-47D3-AD18-0C37F259ADC8}
	EndGlobalSection
EndGlobal
